// !$*UTF8*$!
{
	archiveVersion = 1;
	classes = {
	};
	objectVersion = 77;
	objects = {

/* Begin PBXBuildFile section */
		32DF056F2D840C4A0025F76D /* Budget.swift in Sources */ = {isa = PBXBuildFile; fileRef = 32DF052A2D840C4A0025F76D /* Budget.swift */; };
		32DF05702D840C4A0025F76D /* Expense.swift in Sources */ = {isa = PBXBuildFile; fileRef = 32DF052B2D840C4A0025F76D /* Expense.swift */; };
		32DF05712D840C4A0025F76D /* Income.swift in Sources */ = {isa = PBXBuildFile; fileRef = 32DF052C2D840C4A0025F76D /* Income.swift */; };
		32DF05722D840C4A0025F76D /* Wish.swift in Sources */ = {isa = PBXBuildFile; fileRef = 32DF052D2D840C4A0025F76D /* Wish.swift */; };
		32DF05732D840C4A0025F76D /* PrevData.swift in Sources */ = {isa = PBXBuildFile; fileRef = 32DF052F2D840C4A0025F76D /* PrevData.swift */; };
		32DF05742D840C4A0025F76D /* BudgetRepository.swift in Sources */ = {isa = PBXBuildFile; fileRef = 32DF05322D840C4A0025F76D /* BudgetRepository.swift */; };
		32DF05752D840C4A0025F76D /* Database.swift in Sources */ = {isa = PBXBuildFile; fileRef = 32DF05332D840C4A0025F76D /* Database.swift */; };
		32DF05762D840C4A0025F76D /* ExpenseRepository.swift in Sources */ = {isa = PBXBuildFile; fileRef = 32DF05342D840C4A0025F76D /* ExpenseRepository.swift */; };
		32DF05772D840C4A0025F76D /* IncomeRepository.swift in Sources */ = {isa = PBXBuildFile; fileRef = 32DF05352D840C4A0025F76D /* IncomeRepository.swift */; };
		32DF05782D840C4A0025F76D /* WishRepository.swift in Sources */ = {isa = PBXBuildFile; fileRef = 32DF05362D840C4A0025F76D /* WishRepository.swift */; };
		32DF05792D840C4A0025F76D /* MapLocationService.swift in Sources */ = {isa = PBXBuildFile; fileRef = 32DF05382D840C4A0025F76D /* MapLocationService.swift */; };
		32DF057A2D840C4A0025F76D /* CreateBudgetUseCase.swift in Sources */ = {isa = PBXBuildFile; fileRef = 32DF053A2D840C4A0025F76D /* CreateBudgetUseCase.swift */; };
		32DF057B2D840C4A0025F76D /* DeleteBudgetUseCase.swift in Sources */ = {isa = PBXBuildFile; fileRef = 32DF053B2D840C4A0025F76D /* DeleteBudgetUseCase.swift */; };
		32DF057C2D840C4A0025F76D /* GetAllBudgetsUseCase.swift in Sources */ = {isa = PBXBuildFile; fileRef = 32DF053C2D840C4A0025F76D /* GetAllBudgetsUseCase.swift */; };
		32DF057D2D840C4A0025F76D /* UpdateBudgetUseCase.swift in Sources */ = {isa = PBXBuildFile; fileRef = 32DF053D2D840C4A0025F76D /* UpdateBudgetUseCase.swift */; };
		32DF057E2D840C4A0025F76D /* CreateExpenseUseCase.swift in Sources */ = {isa = PBXBuildFile; fileRef = 32DF053F2D840C4A0025F76D /* CreateExpenseUseCase.swift */; };
		32DF057F2D840C4A0025F76D /* DeleteExpenseUseCase.swift in Sources */ = {isa = PBXBuildFile; fileRef = 32DF05402D840C4A0025F76D /* DeleteExpenseUseCase.swift */; };
		32DF05802D840C4A0025F76D /* GetAllExpensesUseCase.swift in Sources */ = {isa = PBXBuildFile; fileRef = 32DF05412D840C4A0025F76D /* GetAllExpensesUseCase.swift */; };
		32DF05812D840C4A0025F76D /* UpdateExpenseUseCase.swift in Sources */ = {isa = PBXBuildFile; fileRef = 32DF05422D840C4A0025F76D /* UpdateExpenseUseCase.swift */; };
		32DF05822D840C4A0025F76D /* CreateIncomeUseCase.swift in Sources */ = {isa = PBXBuildFile; fileRef = 32DF05442D840C4A0025F76D /* CreateIncomeUseCase.swift */; };
		32DF05832D840C4A0025F76D /* DeleteIncomeUseCase.swift in Sources */ = {isa = PBXBuildFile; fileRef = 32DF05452D840C4A0025F76D /* DeleteIncomeUseCase.swift */; };
		32DF05842D840C4A0025F76D /* GetAllIncomesUseCase.swift in Sources */ = {isa = PBXBuildFile; fileRef = 32DF05462D840C4A0025F76D /* GetAllIncomesUseCase.swift */; };
		32DF05852D840C4A0025F76D /* UpdateIncomeUseCase.swift in Sources */ = {isa = PBXBuildFile; fileRef = 32DF05472D840C4A0025F76D /* UpdateIncomeUseCase.swift */; };
		32DF05862D840C4A0025F76D /* CreateWishUseCase.swift in Sources */ = {isa = PBXBuildFile; fileRef = 32DF05492D840C4A0025F76D /* CreateWishUseCase.swift */; };
		32DF05872D840C4A0025F76D /* DeleteWishUseCase.swift in Sources */ = {isa = PBXBuildFile; fileRef = 32DF054A2D840C4A0025F76D /* DeleteWishUseCase.swift */; };
		32DF05882D840C4A0025F76D /* GetAllWishUseCase.swift in Sources */ = {isa = PBXBuildFile; fileRef = 32DF054B2D840C4A0025F76D /* GetAllWishUseCase.swift */; };
		32DF05892D840C4A0025F76D /* UpdateWishUseCase.swift in Sources */ = {isa = PBXBuildFile; fileRef = 32DF054C2D840C4A0025F76D /* UpdateWishUseCase.swift */; };
		32DF058A2D840C4A0025F76D /* ExtraEnums.swift in Sources */ = {isa = PBXBuildFile; fileRef = 32DF054F2D840C4A0025F76D /* ExtraEnums.swift */; };
		32DF058B2D840C4A0025F76D /* ExtraFuncs.swift in Sources */ = {isa = PBXBuildFile; fileRef = 32DF05502D840C4A0025F76D /* ExtraFuncs.swift */; };
		32DF058C2D840C4A0025F76D /* ModelUtils.swift in Sources */ = {isa = PBXBuildFile; fileRef = 32DF05512D840C4A0025F76D /* ModelUtils.swift */; };
		32DF058D2D840C4A0025F76D /* Structs.swift in Sources */ = {isa = PBXBuildFile; fileRef = 32DF05522D840C4A0025F76D /* Structs.swift */; };
		32DF058E2D840C4A0025F76D /* ExploreViewModel.swift in Sources */ = {isa = PBXBuildFile; fileRef = 32DF05542D840C4A0025F76D /* ExploreViewModel.swift */; };
		32DF058F2D840C4A0025F76D /* HomeViewModel.swift in Sources */ = {isa = PBXBuildFile; fileRef = 32DF05552D840C4A0025F76D /* HomeViewModel.swift */; };
		32DF05902D840C4A0025F76D /* DataCellPrev.swift in Sources */ = {isa = PBXBuildFile; fileRef = 32DF05572D840C4A0025F76D /* DataCellPrev.swift */; };
		32DF05912D840C4A0025F76D /* WishCellForAddPlace.swift in Sources */ = {isa = PBXBuildFile; fileRef = 32DF05582D840C4A0025F76D /* WishCellForAddPlace.swift */; };
		32DF05922D840C4A0025F76D /* AddBudget.swift in Sources */ = {isa = PBXBuildFile; fileRef = 32DF055A2D840C4A0025F76D /* AddBudget.swift */; };
		32DF05932D840C4A0025F76D /* AddInc&Exp.swift in Sources */ = {isa = PBXBuildFile; fileRef = 32DF055B2D840C4A0025F76D /* AddInc&Exp.swift */; };
		32DF05942D840C4A0025F76D /* AddWish.swift in Sources */ = {isa = PBXBuildFile; fileRef = 32DF055C2D840C4A0025F76D /* AddWish.swift */; };
		32DF05952D840C4A0025F76D /* SheetAddItems.swift in Sources */ = {isa = PBXBuildFile; fileRef = 32DF055D2D840C4A0025F76D /* SheetAddItems.swift */; };
		32DF05962D840C4A0025F76D /* BudgetView.swift in Sources */ = {isa = PBXBuildFile; fileRef = 32DF055F2D840C4A0025F76D /* BudgetView.swift */; };
		32DF05972D840C4A0025F76D /* CircularProgress.swift in Sources */ = {isa = PBXBuildFile; fileRef = 32DF05612D840C4A0025F76D /* CircularProgress.swift */; };
		32DF05982D840C4A0025F76D /* SearchBar.swift in Sources */ = {isa = PBXBuildFile; fileRef = 32DF05622D840C4A0025F76D /* SearchBar.swift */; };
		32DF05992D840C4A0025F76D /* UIMyButton.swift in Sources */ = {isa = PBXBuildFile; fileRef = 32DF05632D840C4A0025F76D /* UIMyButton.swift */; };
		32DF059A2D840C4A0025F76D /* UIMyList.swift in Sources */ = {isa = PBXBuildFile; fileRef = 32DF05642D840C4A0025F76D /* UIMyList.swift */; };
		32DF059B2D840C4A0025F76D /* UIMyTextField.swift in Sources */ = {isa = PBXBuildFile; fileRef = 32DF05652D840C4A0025F76D /* UIMyTextField.swift */; };
		32DF059C2D840C4A0025F76D /* ExploreView.swift in Sources */ = {isa = PBXBuildFile; fileRef = 32DF05672D840C4A0025F76D /* ExploreView.swift */; };
		32DF059D2D840C4A0025F76D /* HomeView.swift in Sources */ = {isa = PBXBuildFile; fileRef = 32DF05682D840C4A0025F76D /* HomeView.swift */; };
		32DF059E2D840C4A0025F76D /* MainView.swift in Sources */ = {isa = PBXBuildFile; fileRef = 32DF05692D840C4A0025F76D /* MainView.swift */; };
		32DF059F2D840C4A0025F76D /* JBudgetApp.swift in Sources */ = {isa = PBXBuildFile; fileRef = 32DF056D2D840C4A0025F76D /* JBudgetApp.swift */; };
		32DF05A02D840C4A0025F76D /* Preview Assets.xcassets in Resources */ = {isa = PBXBuildFile; fileRef = 32DF05302D840C4A0025F76D /* Preview Assets.xcassets */; };
		32DF05A12D840C4A0025F76D /* Assets.xcassets in Resources */ = {isa = PBXBuildFile; fileRef = 32DF056B2D840C4A0025F76D /* Assets.xcassets */; };
/* End PBXBuildFile section */

/* Begin PBXContainerItemProxy section */
		32DF04152D84089A0025F76D /* PBXContainerItemProxy */ = {
			isa = PBXContainerItemProxy;
			containerPortal = 32DF03FB2D8408980025F76D /* Project object */;
			proxyType = 1;
			remoteGlobalIDString = 32DF04022D8408980025F76D;
			remoteInfo = JBudget;
		};
		32DF041F2D84089A0025F76D /* PBXContainerItemProxy */ = {
			isa = PBXContainerItemProxy;
			containerPortal = 32DF03FB2D8408980025F76D /* Project object */;
			proxyType = 1;
			remoteGlobalIDString = 32DF04022D8408980025F76D;
			remoteInfo = JBudget;
		};
/* End PBXContainerItemProxy section */

/* Begin PBXFileReference section */
		32DF04032D8408980025F76D /* JBudget.app */ = {isa = PBXFileReference; explicitFileType = wrapper.application; includeInIndex = 0; path = JBudget.app; sourceTree = BUILT_PRODUCTS_DIR; };
		32DF04142D84089A0025F76D /* JBudgetTests.xctest */ = {isa = PBXFileReference; explicitFileType = wrapper.cfbundle; includeInIndex = 0; path = JBudgetTests.xctest; sourceTree = BUILT_PRODUCTS_DIR; };
		32DF041E2D84089A0025F76D /* JBudgetUITests.xctest */ = {isa = PBXFileReference; explicitFileType = wrapper.cfbundle; includeInIndex = 0; path = JBudgetUITests.xctest; sourceTree = BUILT_PRODUCTS_DIR; };
		32DF052A2D840C4A0025F76D /* Budget.swift */ = {isa = PBXFileReference; lastKnownFileType = sourcecode.swift; path = Budget.swift; sourceTree = "<group>"; };
		32DF052B2D840C4A0025F76D /* Expense.swift */ = {isa = PBXFileReference; lastKnownFileType = sourcecode.swift; path = Expense.swift; sourceTree = "<group>"; };
		32DF052C2D840C4A0025F76D /* Income.swift */ = {isa = PBXFileReference; lastKnownFileType = sourcecode.swift; path = Income.swift; sourceTree = "<group>"; };
		32DF052D2D840C4A0025F76D /* Wish.swift */ = {isa = PBXFileReference; lastKnownFileType = sourcecode.swift; path = Wish.swift; sourceTree = "<group>"; };
		32DF052F2D840C4A0025F76D /* PrevData.swift */ = {isa = PBXFileReference; lastKnownFileType = sourcecode.swift; path = PrevData.swift; sourceTree = "<group>"; };
		32DF05302D840C4A0025F76D /* Preview Assets.xcassets */ = {isa = PBXFileReference; lastKnownFileType = folder.assetcatalog; path = "Preview Assets.xcassets"; sourceTree = "<group>"; };
		32DF05322D840C4A0025F76D /* BudgetRepository.swift */ = {isa = PBXFileReference; lastKnownFileType = sourcecode.swift; path = BudgetRepository.swift; sourceTree = "<group>"; };
		32DF05332D840C4A0025F76D /* Database.swift */ = {isa = PBXFileReference; lastKnownFileType = sourcecode.swift; path = Database.swift; sourceTree = "<group>"; };
		32DF05342D840C4A0025F76D /* ExpenseRepository.swift */ = {isa = PBXFileReference; lastKnownFileType = sourcecode.swift; path = ExpenseRepository.swift; sourceTree = "<group>"; };
		32DF05352D840C4A0025F76D /* IncomeRepository.swift */ = {isa = PBXFileReference; lastKnownFileType = sourcecode.swift; path = IncomeRepository.swift; sourceTree = "<group>"; };
		32DF05362D840C4A0025F76D /* WishRepository.swift */ = {isa = PBXFileReference; lastKnownFileType = sourcecode.swift; path = WishRepository.swift; sourceTree = "<group>"; };
		32DF05382D840C4A0025F76D /* MapLocationService.swift */ = {isa = PBXFileReference; lastKnownFileType = sourcecode.swift; path = MapLocationService.swift; sourceTree = "<group>"; };
		32DF053A2D840C4A0025F76D /* CreateBudgetUseCase.swift */ = {isa = PBXFileReference; lastKnownFileType = sourcecode.swift; path = CreateBudgetUseCase.swift; sourceTree = "<group>"; };
		32DF053B2D840C4A0025F76D /* DeleteBudgetUseCase.swift */ = {isa = PBXFileReference; lastKnownFileType = sourcecode.swift; path = DeleteBudgetUseCase.swift; sourceTree = "<group>"; };
		32DF053C2D840C4A0025F76D /* GetAllBudgetsUseCase.swift */ = {isa = PBXFileReference; lastKnownFileType = sourcecode.swift; path = GetAllBudgetsUseCase.swift; sourceTree = "<group>"; };
		32DF053D2D840C4A0025F76D /* UpdateBudgetUseCase.swift */ = {isa = PBXFileReference; lastKnownFileType = sourcecode.swift; path = UpdateBudgetUseCase.swift; sourceTree = "<group>"; };
		32DF053F2D840C4A0025F76D /* CreateExpenseUseCase.swift */ = {isa = PBXFileReference; lastKnownFileType = sourcecode.swift; path = CreateExpenseUseCase.swift; sourceTree = "<group>"; };
		32DF05402D840C4A0025F76D /* DeleteExpenseUseCase.swift */ = {isa = PBXFileReference; lastKnownFileType = sourcecode.swift; path = DeleteExpenseUseCase.swift; sourceTree = "<group>"; };
		32DF05412D840C4A0025F76D /* GetAllExpensesUseCase.swift */ = {isa = PBXFileReference; lastKnownFileType = sourcecode.swift; path = GetAllExpensesUseCase.swift; sourceTree = "<group>"; };
		32DF05422D840C4A0025F76D /* UpdateExpenseUseCase.swift */ = {isa = PBXFileReference; lastKnownFileType = sourcecode.swift; path = UpdateExpenseUseCase.swift; sourceTree = "<group>"; };
		32DF05442D840C4A0025F76D /* CreateIncomeUseCase.swift */ = {isa = PBXFileReference; lastKnownFileType = sourcecode.swift; path = CreateIncomeUseCase.swift; sourceTree = "<group>"; };
		32DF05452D840C4A0025F76D /* DeleteIncomeUseCase.swift */ = {isa = PBXFileReference; lastKnownFileType = sourcecode.swift; path = DeleteIncomeUseCase.swift; sourceTree = "<group>"; };
		32DF05462D840C4A0025F76D /* GetAllIncomesUseCase.swift */ = {isa = PBXFileReference; lastKnownFileType = sourcecode.swift; path = GetAllIncomesUseCase.swift; sourceTree = "<group>"; };
		32DF05472D840C4A0025F76D /* UpdateIncomeUseCase.swift */ = {isa = PBXFileReference; lastKnownFileType = sourcecode.swift; path = UpdateIncomeUseCase.swift; sourceTree = "<group>"; };
		32DF05492D840C4A0025F76D /* CreateWishUseCase.swift */ = {isa = PBXFileReference; lastKnownFileType = sourcecode.swift; path = CreateWishUseCase.swift; sourceTree = "<group>"; };
		32DF054A2D840C4A0025F76D /* DeleteWishUseCase.swift */ = {isa = PBXFileReference; lastKnownFileType = sourcecode.swift; path = DeleteWishUseCase.swift; sourceTree = "<group>"; };
		32DF054B2D840C4A0025F76D /* GetAllWishUseCase.swift */ = {isa = PBXFileReference; lastKnownFileType = sourcecode.swift; path = GetAllWishUseCase.swift; sourceTree = "<group>"; };
		32DF054C2D840C4A0025F76D /* UpdateWishUseCase.swift */ = {isa = PBXFileReference; lastKnownFileType = sourcecode.swift; path = UpdateWishUseCase.swift; sourceTree = "<group>"; };
		32DF054F2D840C4A0025F76D /* ExtraEnums.swift */ = {isa = PBXFileReference; lastKnownFileType = sourcecode.swift; path = ExtraEnums.swift; sourceTree = "<group>"; };
		32DF05502D840C4A0025F76D /* ExtraFuncs.swift */ = {isa = PBXFileReference; lastKnownFileType = sourcecode.swift; path = ExtraFuncs.swift; sourceTree = "<group>"; };
		32DF05512D840C4A0025F76D /* ModelUtils.swift */ = {isa = PBXFileReference; lastKnownFileType = sourcecode.swift; path = ModelUtils.swift; sourceTree = "<group>"; };
		32DF05522D840C4A0025F76D /* Structs.swift */ = {isa = PBXFileReference; lastKnownFileType = sourcecode.swift; path = Structs.swift; sourceTree = "<group>"; };
		32DF05542D840C4A0025F76D /* ExploreViewModel.swift */ = {isa = PBXFileReference; lastKnownFileType = sourcecode.swift; path = ExploreViewModel.swift; sourceTree = "<group>"; };
		32DF05552D840C4A0025F76D /* HomeViewModel.swift */ = {isa = PBXFileReference; lastKnownFileType = sourcecode.swift; path = HomeViewModel.swift; sourceTree = "<group>"; };
		32DF05572D840C4A0025F76D /* DataCellPrev.swift */ = {isa = PBXFileReference; lastKnownFileType = sourcecode.swift; path = DataCellPrev.swift; sourceTree = "<group>"; };
		32DF05582D840C4A0025F76D /* WishCellForAddPlace.swift */ = {isa = PBXFileReference; lastKnownFileType = sourcecode.swift; path = WishCellForAddPlace.swift; sourceTree = "<group>"; };
		32DF055A2D840C4A0025F76D /* AddBudget.swift */ = {isa = PBXFileReference; lastKnownFileType = sourcecode.swift; path = AddBudget.swift; sourceTree = "<group>"; };
		32DF055B2D840C4A0025F76D /* AddInc&Exp.swift */ = {isa = PBXFileReference; lastKnownFileType = sourcecode.swift; path = "AddInc&Exp.swift"; sourceTree = "<group>"; };
		32DF055C2D840C4A0025F76D /* AddWish.swift */ = {isa = PBXFileReference; lastKnownFileType = sourcecode.swift; path = AddWish.swift; sourceTree = "<group>"; };
		32DF055D2D840C4A0025F76D /* SheetAddItems.swift */ = {isa = PBXFileReference; lastKnownFileType = sourcecode.swift; path = SheetAddItems.swift; sourceTree = "<group>"; };
		32DF055F2D840C4A0025F76D /* BudgetView.swift */ = {isa = PBXFileReference; lastKnownFileType = sourcecode.swift; path = BudgetView.swift; sourceTree = "<group>"; };
		32DF05612D840C4A0025F76D /* CircularProgress.swift */ = {isa = PBXFileReference; lastKnownFileType = sourcecode.swift; path = CircularProgress.swift; sourceTree = "<group>"; };
		32DF05622D840C4A0025F76D /* SearchBar.swift */ = {isa = PBXFileReference; lastKnownFileType = sourcecode.swift; path = SearchBar.swift; sourceTree = "<group>"; };
		32DF05632D840C4A0025F76D /* UIMyButton.swift */ = {isa = PBXFileReference; lastKnownFileType = sourcecode.swift; path = UIMyButton.swift; sourceTree = "<group>"; };
		32DF05642D840C4A0025F76D /* UIMyList.swift */ = {isa = PBXFileReference; lastKnownFileType = sourcecode.swift; path = UIMyList.swift; sourceTree = "<group>"; };
		32DF05652D840C4A0025F76D /* UIMyTextField.swift */ = {isa = PBXFileReference; lastKnownFileType = sourcecode.swift; path = UIMyTextField.swift; sourceTree = "<group>"; };
		32DF05672D840C4A0025F76D /* ExploreView.swift */ = {isa = PBXFileReference; lastKnownFileType = sourcecode.swift; path = ExploreView.swift; sourceTree = "<group>"; };
		32DF05682D840C4A0025F76D /* HomeView.swift */ = {isa = PBXFileReference; lastKnownFileType = sourcecode.swift; path = HomeView.swift; sourceTree = "<group>"; };
		32DF05692D840C4A0025F76D /* MainView.swift */ = {isa = PBXFileReference; lastKnownFileType = sourcecode.swift; path = MainView.swift; sourceTree = "<group>"; };
		32DF056B2D840C4A0025F76D /* Assets.xcassets */ = {isa = PBXFileReference; lastKnownFileType = folder.assetcatalog; path = Assets.xcassets; sourceTree = "<group>"; };
		32DF056C2D840C4A0025F76D /* JBudget.entitlements */ = {isa = PBXFileReference; lastKnownFileType = text.plist.entitlements; path = JBudget.entitlements; sourceTree = "<group>"; };
		32DF056D2D840C4A0025F76D /* JBudgetApp.swift */ = {isa = PBXFileReference; lastKnownFileType = sourcecode.swift; path = JBudgetApp.swift; sourceTree = "<group>"; };
/* End PBXFileReference section */

/* Begin PBXFileSystemSynchronizedRootGroup section */
		32DF04172D84089A0025F76D /* JBudgetTests */ = {
			isa = PBXFileSystemSynchronizedRootGroup;
			path = JBudgetTests;
			sourceTree = "<group>";
		};
		32DF04212D84089A0025F76D /* JBudgetUITests */ = {
			isa = PBXFileSystemSynchronizedRootGroup;
			path = JBudgetUITests;
			sourceTree = "<group>";
		};
/* End PBXFileSystemSynchronizedRootGroup section */

/* Begin PBXFrameworksBuildPhase section */
		32DF04002D8408980025F76D /* Frameworks */ = {
			isa = PBXFrameworksBuildPhase;
			buildActionMask = 2147483647;
			files = (
			);
			runOnlyForDeploymentPostprocessing = 0;
		};
		32DF04112D84089A0025F76D /* Frameworks */ = {
			isa = PBXFrameworksBuildPhase;
			buildActionMask = 2147483647;
			files = (
			);
			runOnlyForDeploymentPostprocessing = 0;
		};
		32DF041B2D84089A0025F76D /* Frameworks */ = {
			isa = PBXFrameworksBuildPhase;
			buildActionMask = 2147483647;
			files = (
			);
			runOnlyForDeploymentPostprocessing = 0;
		};
/* End PBXFrameworksBuildPhase section */

/* Begin PBXGroup section */
		32DF03FA2D8408980025F76D = {
			isa = PBXGroup;
			children = (
				32DF056E2D840C4A0025F76D /* JBudget */,
				32DF04172D84089A0025F76D /* JBudgetTests */,
				32DF04212D84089A0025F76D /* JBudgetUITests */,
				32DF04042D8408980025F76D /* Products */,
			);
			sourceTree = "<group>";
		};
		32DF04042D8408980025F76D /* Products */ = {
			isa = PBXGroup;
			children = (
				32DF04032D8408980025F76D /* JBudget.app */,
				32DF04142D84089A0025F76D /* JBudgetTests.xctest */,
				32DF041E2D84089A0025F76D /* JBudgetUITests.xctest */,
			);
			name = Products;
			sourceTree = "<group>";
		};
		32DF052E2D840C4A0025F76D /* Models */ = {
			isa = PBXGroup;
			children = (
				32DF052A2D840C4A0025F76D /* Budget.swift */,
				32DF052B2D840C4A0025F76D /* Expense.swift */,
				32DF052C2D840C4A0025F76D /* Income.swift */,
				32DF052D2D840C4A0025F76D /* Wish.swift */,
			);
			path = Models;
			sourceTree = "<group>";
		};
		32DF05312D840C4A0025F76D /* Preview Content */ = {
			isa = PBXGroup;
			children = (
				32DF052F2D840C4A0025F76D /* PrevData.swift */,
				32DF05302D840C4A0025F76D /* Preview Assets.xcassets */,
			);
			path = "Preview Content";
			sourceTree = "<group>";
		};
		32DF05372D840C4A0025F76D /* Repositories */ = {
			isa = PBXGroup;
			children = (
				32DF05322D840C4A0025F76D /* BudgetRepository.swift */,
				32DF05332D840C4A0025F76D /* Database.swift */,
				32DF05342D840C4A0025F76D /* ExpenseRepository.swift */,
				32DF05352D840C4A0025F76D /* IncomeRepository.swift */,
				32DF05362D840C4A0025F76D /* WishRepository.swift */,
			);
			path = Repositories;
			sourceTree = "<group>";
		};
		32DF05392D840C4A0025F76D /* Services */ = {
			isa = PBXGroup;
			children = (
				32DF05382D840C4A0025F76D /* MapLocationService.swift */,
			);
			path = Services;
			sourceTree = "<group>";
		};
		32DF053E2D840C4A0025F76D /* BudgetUseCases */ = {
			isa = PBXGroup;
			children = (
				32DF053A2D840C4A0025F76D /* CreateBudgetUseCase.swift */,
				32DF053B2D840C4A0025F76D /* DeleteBudgetUseCase.swift */,
				32DF053C2D840C4A0025F76D /* GetAllBudgetsUseCase.swift */,
				32DF053D2D840C4A0025F76D /* UpdateBudgetUseCase.swift */,
			);
			path = BudgetUseCases;
			sourceTree = "<group>";
		};
		32DF05432D840C4A0025F76D /* ExpenseUseCases */ = {
			isa = PBXGroup;
			children = (
				32DF053F2D840C4A0025F76D /* CreateExpenseUseCase.swift */,
				32DF05402D840C4A0025F76D /* DeleteExpenseUseCase.swift */,
				32DF05412D840C4A0025F76D /* GetAllExpensesUseCase.swift */,
				32DF05422D840C4A0025F76D /* UpdateExpenseUseCase.swift */,
			);
			path = ExpenseUseCases;
			sourceTree = "<group>";
		};
		32DF05482D840C4A0025F76D /* IncomeUseCases */ = {
			isa = PBXGroup;
			children = (
				32DF05442D840C4A0025F76D /* CreateIncomeUseCase.swift */,
				32DF05452D840C4A0025F76D /* DeleteIncomeUseCase.swift */,
				32DF05462D840C4A0025F76D /* GetAllIncomesUseCase.swift */,
				32DF05472D840C4A0025F76D /* UpdateIncomeUseCase.swift */,
			);
			path = IncomeUseCases;
			sourceTree = "<group>";
		};
		32DF054D2D840C4A0025F76D /* WishUseCases */ = {
			isa = PBXGroup;
			children = (
				32DF05492D840C4A0025F76D /* CreateWishUseCase.swift */,
				32DF054A2D840C4A0025F76D /* DeleteWishUseCase.swift */,
				32DF054B2D840C4A0025F76D /* GetAllWishUseCase.swift */,
				32DF054C2D840C4A0025F76D /* UpdateWishUseCase.swift */,
			);
			path = WishUseCases;
			sourceTree = "<group>";
		};
		32DF054E2D840C4A0025F76D /* UseCases */ = {
			isa = PBXGroup;
			children = (
				32DF053E2D840C4A0025F76D /* BudgetUseCases */,
				32DF05432D840C4A0025F76D /* ExpenseUseCases */,
				32DF05482D840C4A0025F76D /* IncomeUseCases */,
				32DF054D2D840C4A0025F76D /* WishUseCases */,
			);
			path = UseCases;
			sourceTree = "<group>";
		};
		32DF05532D840C4A0025F76D /* Utils */ = {
			isa = PBXGroup;
			children = (
				32DF054F2D840C4A0025F76D /* ExtraEnums.swift */,
				32DF05502D840C4A0025F76D /* ExtraFuncs.swift */,
				32DF05512D840C4A0025F76D /* ModelUtils.swift */,
				32DF05522D840C4A0025F76D /* Structs.swift */,
			);
			path = Utils;
			sourceTree = "<group>";
		};
		32DF05562D840C4A0025F76D /* ViewModels */ = {
			isa = PBXGroup;
			children = (
				32DF05542D840C4A0025F76D /* ExploreViewModel.swift */,
				32DF05552D840C4A0025F76D /* HomeViewModel.swift */,
			);
			path = ViewModels;
			sourceTree = "<group>";
		};
		32DF05592D840C4A0025F76D /* Components */ = {
			isa = PBXGroup;
			children = (
				32DF05572D840C4A0025F76D /* DataCellPrev.swift */,
				32DF05582D840C4A0025F76D /* WishCellForAddPlace.swift */,
			);
			path = Components;
			sourceTree = "<group>";
		};
		32DF055E2D840C4A0025F76D /* AddItems */ = {
			isa = PBXGroup;
			children = (
				32DF055A2D840C4A0025F76D /* AddBudget.swift */,
				32DF055B2D840C4A0025F76D /* AddInc&Exp.swift */,
				32DF055C2D840C4A0025F76D /* AddWish.swift */,
				32DF055D2D840C4A0025F76D /* SheetAddItems.swift */,
			);
			path = AddItems;
			sourceTree = "<group>";
		};
		32DF05602D840C4A0025F76D /* SubViews */ = {
			isa = PBXGroup;
			children = (
				32DF055E2D840C4A0025F76D /* AddItems */,
				32DF055F2D840C4A0025F76D /* BudgetView.swift */,
			);
			path = SubViews;
			sourceTree = "<group>";
		};
		32DF05662D840C4A0025F76D /* UI */ = {
			isa = PBXGroup;
			children = (
				32DF05612D840C4A0025F76D /* CircularProgress.swift */,
				32DF05622D840C4A0025F76D /* SearchBar.swift */,
				32DF05632D840C4A0025F76D /* UIMyButton.swift */,
				32DF05642D840C4A0025F76D /* UIMyList.swift */,
				32DF05652D840C4A0025F76D /* UIMyTextField.swift */,
			);
			path = UI;
			sourceTree = "<group>";
		};
		32DF056A2D840C4A0025F76D /* Views */ = {
			isa = PBXGroup;
			children = (
				32DF05592D840C4A0025F76D /* Components */,
				32DF05602D840C4A0025F76D /* SubViews */,
				32DF05662D840C4A0025F76D /* UI */,
				32DF05672D840C4A0025F76D /* ExploreView.swift */,
				32DF05682D840C4A0025F76D /* HomeView.swift */,
				32DF05692D840C4A0025F76D /* MainView.swift */,
			);
			path = Views;
			sourceTree = "<group>";
		};
		32DF056E2D840C4A0025F76D /* JBudget */ = {
			isa = PBXGroup;
			children = (
				32DF052E2D840C4A0025F76D /* Models */,
				32DF05312D840C4A0025F76D /* Preview Content */,
				32DF05372D840C4A0025F76D /* Repositories */,
				32DF05392D840C4A0025F76D /* Services */,
				32DF054E2D840C4A0025F76D /* UseCases */,
				32DF05532D840C4A0025F76D /* Utils */,
				32DF05562D840C4A0025F76D /* ViewModels */,
				32DF056A2D840C4A0025F76D /* Views */,
				32DF056B2D840C4A0025F76D /* Assets.xcassets */,
				32DF056C2D840C4A0025F76D /* JBudget.entitlements */,
				32DF056D2D840C4A0025F76D /* JBudgetApp.swift */,
			);
			path = JBudget;
			sourceTree = "<group>";
		};
/* End PBXGroup section */

/* Begin PBXNativeTarget section */
		32DF04022D8408980025F76D /* JBudget */ = {
			isa = PBXNativeTarget;
			buildConfigurationList = 32DF04282D84089A0025F76D /* Build configuration list for PBXNativeTarget "JBudget" */;
			buildPhases = (
				32DF03FF2D8408980025F76D /* Sources */,
				32DF04002D8408980025F76D /* Frameworks */,
				32DF04012D8408980025F76D /* Resources */,
			);
			buildRules = (
			);
			dependencies = (
			);
			name = JBudget;
			packageProductDependencies = (
			);
			productName = JBudget;
			productReference = 32DF04032D8408980025F76D /* JBudget.app */;
			productType = "com.apple.product-type.application";
		};
		32DF04132D84089A0025F76D /* JBudgetTests */ = {
			isa = PBXNativeTarget;
			buildConfigurationList = 32DF042B2D84089A0025F76D /* Build configuration list for PBXNativeTarget "JBudgetTests" */;
			buildPhases = (
				32DF04102D84089A0025F76D /* Sources */,
				32DF04112D84089A0025F76D /* Frameworks */,
				32DF04122D84089A0025F76D /* Resources */,
			);
			buildRules = (
			);
			dependencies = (
				32DF04162D84089A0025F76D /* PBXTargetDependency */,
			);
			fileSystemSynchronizedGroups = (
				32DF04172D84089A0025F76D /* JBudgetTests */,
			);
			name = JBudgetTests;
			packageProductDependencies = (
			);
			productName = JBudgetTests;
			productReference = 32DF04142D84089A0025F76D /* JBudgetTests.xctest */;
			productType = "com.apple.product-type.bundle.unit-test";
		};
		32DF041D2D84089A0025F76D /* JBudgetUITests */ = {
			isa = PBXNativeTarget;
			buildConfigurationList = 32DF042E2D84089A0025F76D /* Build configuration list for PBXNativeTarget "JBudgetUITests" */;
			buildPhases = (
				32DF041A2D84089A0025F76D /* Sources */,
				32DF041B2D84089A0025F76D /* Frameworks */,
				32DF041C2D84089A0025F76D /* Resources */,
			);
			buildRules = (
			);
			dependencies = (
				32DF04202D84089A0025F76D /* PBXTargetDependency */,
			);
			fileSystemSynchronizedGroups = (
				32DF04212D84089A0025F76D /* JBudgetUITests */,
			);
			name = JBudgetUITests;
			packageProductDependencies = (
			);
			productName = JBudgetUITests;
			productReference = 32DF041E2D84089A0025F76D /* JBudgetUITests.xctest */;
			productType = "com.apple.product-type.bundle.ui-testing";
		};
/* End PBXNativeTarget section */

/* Begin PBXProject section */
		32DF03FB2D8408980025F76D /* Project object */ = {
			isa = PBXProject;
			attributes = {
				BuildIndependentTargetsInParallel = 1;
				LastSwiftUpdateCheck = 1620;
				LastUpgradeCheck = 1620;
				TargetAttributes = {
					32DF04022D8408980025F76D = {
						CreatedOnToolsVersion = 16.2;
					};
					32DF04132D84089A0025F76D = {
						CreatedOnToolsVersion = 16.2;
						TestTargetID = 32DF04022D8408980025F76D;
					};
					32DF041D2D84089A0025F76D = {
						CreatedOnToolsVersion = 16.2;
						TestTargetID = 32DF04022D8408980025F76D;
					};
				};
			};
			buildConfigurationList = 32DF03FE2D8408980025F76D /* Build configuration list for PBXProject "JBudget" */;
			developmentRegion = en;
			hasScannedForEncodings = 0;
			knownRegions = (
				en,
				Base,
			);
			mainGroup = 32DF03FA2D8408980025F76D;
			minimizedProjectReferenceProxies = 1;
			preferredProjectObjectVersion = 77;
			productRefGroup = 32DF04042D8408980025F76D /* Products */;
			projectDirPath = "";
			projectRoot = "";
			targets = (
				32DF04022D8408980025F76D /* JBudget */,
				32DF04132D84089A0025F76D /* JBudgetTests */,
				32DF041D2D84089A0025F76D /* JBudgetUITests */,
			);
		};
/* End PBXProject section */

/* Begin PBXResourcesBuildPhase section */
		32DF04012D8408980025F76D /* Resources */ = {
			isa = PBXResourcesBuildPhase;
			buildActionMask = 2147483647;
			files = (
				32DF05A02D840C4A0025F76D /* Preview Assets.xcassets in Resources */,
				32DF05A12D840C4A0025F76D /* Assets.xcassets in Resources */,
			);
			runOnlyForDeploymentPostprocessing = 0;
		};
		32DF04122D84089A0025F76D /* Resources */ = {
			isa = PBXResourcesBuildPhase;
			buildActionMask = 2147483647;
			files = (
			);
			runOnlyForDeploymentPostprocessing = 0;
		};
		32DF041C2D84089A0025F76D /* Resources */ = {
			isa = PBXResourcesBuildPhase;
			buildActionMask = 2147483647;
			files = (
			);
			runOnlyForDeploymentPostprocessing = 0;
		};
/* End PBXResourcesBuildPhase section */

/* Begin PBXSourcesBuildPhase section */
		32DF03FF2D8408980025F76D /* Sources */ = {
			isa = PBXSourcesBuildPhase;
			buildActionMask = 2147483647;
			files = (
				32DF056F2D840C4A0025F76D /* Budget.swift in Sources */,
				32DF05702D840C4A0025F76D /* Expense.swift in Sources */,
				32DF05712D840C4A0025F76D /* Income.swift in Sources */,
				32DF05722D840C4A0025F76D /* Wish.swift in Sources */,
				32DF05732D840C4A0025F76D /* PrevData.swift in Sources */,
				32DF05742D840C4A0025F76D /* BudgetRepository.swift in Sources */,
				32DF05752D840C4A0025F76D /* Database.swift in Sources */,
				32DF05762D840C4A0025F76D /* ExpenseRepository.swift in Sources */,
				32DF05772D840C4A0025F76D /* IncomeRepository.swift in Sources */,
				32DF05782D840C4A0025F76D /* WishRepository.swift in Sources */,
				32DF05792D840C4A0025F76D /* MapLocationService.swift in Sources */,
				32DF057A2D840C4A0025F76D /* CreateBudgetUseCase.swift in Sources */,
				32DF057B2D840C4A0025F76D /* DeleteBudgetUseCase.swift in Sources */,
				32DF057C2D840C4A0025F76D /* GetAllBudgetsUseCase.swift in Sources */,
				32DF057D2D840C4A0025F76D /* UpdateBudgetUseCase.swift in Sources */,
				32DF057E2D840C4A0025F76D /* CreateExpenseUseCase.swift in Sources */,
				32DF057F2D840C4A0025F76D /* DeleteExpenseUseCase.swift in Sources */,
				32DF05802D840C4A0025F76D /* GetAllExpensesUseCase.swift in Sources */,
				32DF05812D840C4A0025F76D /* UpdateExpenseUseCase.swift in Sources */,
				32DF05822D840C4A0025F76D /* CreateIncomeUseCase.swift in Sources */,
				32DF05832D840C4A0025F76D /* DeleteIncomeUseCase.swift in Sources */,
				32DF05842D840C4A0025F76D /* GetAllIncomesUseCase.swift in Sources */,
				32DF05852D840C4A0025F76D /* UpdateIncomeUseCase.swift in Sources */,
				32DF05862D840C4A0025F76D /* CreateWishUseCase.swift in Sources */,
				32DF05872D840C4A0025F76D /* DeleteWishUseCase.swift in Sources */,
				32DF05882D840C4A0025F76D /* GetAllWishUseCase.swift in Sources */,
				32DF05892D840C4A0025F76D /* UpdateWishUseCase.swift in Sources */,
				32DF058A2D840C4A0025F76D /* ExtraEnums.swift in Sources */,
				32DF058B2D840C4A0025F76D /* ExtraFuncs.swift in Sources */,
				32DF058C2D840C4A0025F76D /* ModelUtils.swift in Sources */,
				32DF058D2D840C4A0025F76D /* Structs.swift in Sources */,
				32DF058E2D840C4A0025F76D /* ExploreViewModel.swift in Sources */,
				32DF058F2D840C4A0025F76D /* HomeViewModel.swift in Sources */,
				32DF05902D840C4A0025F76D /* DataCellPrev.swift in Sources */,
				32DF05912D840C4A0025F76D /* WishCellForAddPlace.swift in Sources */,
				32DF05922D840C4A0025F76D /* AddBudget.swift in Sources */,
				32DF05932D840C4A0025F76D /* AddInc&Exp.swift in Sources */,
				32DF05942D840C4A0025F76D /* AddWish.swift in Sources */,
				32DF05952D840C4A0025F76D /* SheetAddItems.swift in Sources */,
				32DF05962D840C4A0025F76D /* BudgetView.swift in Sources */,
				32DF05972D840C4A0025F76D /* CircularProgress.swift in Sources */,
				32DF05982D840C4A0025F76D /* SearchBar.swift in Sources */,
				32DF05992D840C4A0025F76D /* UIMyButton.swift in Sources */,
				32DF059A2D840C4A0025F76D /* UIMyList.swift in Sources */,
				32DF059B2D840C4A0025F76D /* UIMyTextField.swift in Sources */,
				32DF059C2D840C4A0025F76D /* ExploreView.swift in Sources */,
				32DF059D2D840C4A0025F76D /* HomeView.swift in Sources */,
				32DF059E2D840C4A0025F76D /* MainView.swift in Sources */,
				32DF059F2D840C4A0025F76D /* JBudgetApp.swift in Sources */,
			);
			runOnlyForDeploymentPostprocessing = 0;
		};
		32DF04102D84089A0025F76D /* Sources */ = {
			isa = PBXSourcesBuildPhase;
			buildActionMask = 2147483647;
			files = (
			);
			runOnlyForDeploymentPostprocessing = 0;
		};
		32DF041A2D84089A0025F76D /* Sources */ = {
			isa = PBXSourcesBuildPhase;
			buildActionMask = 2147483647;
			files = (
			);
			runOnlyForDeploymentPostprocessing = 0;
		};
/* End PBXSourcesBuildPhase section */

/* Begin PBXTargetDependency section */
		32DF04162D84089A0025F76D /* PBXTargetDependency */ = {
			isa = PBXTargetDependency;
			target = 32DF04022D8408980025F76D /* JBudget */;
			targetProxy = 32DF04152D84089A0025F76D /* PBXContainerItemProxy */;
		};
		32DF04202D84089A0025F76D /* PBXTargetDependency */ = {
			isa = PBXTargetDependency;
			target = 32DF04022D8408980025F76D /* JBudget */;
			targetProxy = 32DF041F2D84089A0025F76D /* PBXContainerItemProxy */;
		};
/* End PBXTargetDependency section */

/* Begin XCBuildConfiguration section */
		32DF04262D84089A0025F76D /* Debug */ = {
			isa = XCBuildConfiguration;
			buildSettings = {
				ALWAYS_SEARCH_USER_PATHS = NO;
				ASSETCATALOG_COMPILER_GENERATE_SWIFT_ASSET_SYMBOL_EXTENSIONS = YES;
				CLANG_ANALYZER_NONNULL = YES;
				CLANG_ANALYZER_NUMBER_OBJECT_CONVERSION = YES_AGGRESSIVE;
				CLANG_CXX_LANGUAGE_STANDARD = "gnu++20";
				CLANG_ENABLE_MODULES = YES;
				CLANG_ENABLE_OBJC_ARC = YES;
				CLANG_ENABLE_OBJC_WEAK = YES;
				CLANG_WARN_BLOCK_CAPTURE_AUTORELEASING = YES;
				CLANG_WARN_BOOL_CONVERSION = YES;
				CLANG_WARN_COMMA = YES;
				CLANG_WARN_CONSTANT_CONVERSION = YES;
				CLANG_WARN_DEPRECATED_OBJC_IMPLEMENTATIONS = YES;
				CLANG_WARN_DIRECT_OBJC_ISA_USAGE = YES_ERROR;
				CLANG_WARN_DOCUMENTATION_COMMENTS = YES;
				CLANG_WARN_EMPTY_BODY = YES;
				CLANG_WARN_ENUM_CONVERSION = YES;
				CLANG_WARN_INFINITE_RECURSION = YES;
				CLANG_WARN_INT_CONVERSION = YES;
				CLANG_WARN_NON_LITERAL_NULL_CONVERSION = YES;
				CLANG_WARN_OBJC_IMPLICIT_RETAIN_SELF = YES;
				CLANG_WARN_OBJC_LITERAL_CONVERSION = YES;
				CLANG_WARN_OBJC_ROOT_CLASS = YES_ERROR;
				CLANG_WARN_QUOTED_INCLUDE_IN_FRAMEWORK_HEADER = YES;
				CLANG_WARN_RANGE_LOOP_ANALYSIS = YES;
				CLANG_WARN_STRICT_PROTOTYPES = YES;
				CLANG_WARN_SUSPICIOUS_MOVE = YES;
				CLANG_WARN_UNGUARDED_AVAILABILITY = YES_AGGRESSIVE;
				CLANG_WARN_UNREACHABLE_CODE = YES;
				CLANG_WARN__DUPLICATE_METHOD_MATCH = YES;
				COPY_PHASE_STRIP = NO;
				DEBUG_INFORMATION_FORMAT = dwarf;
				ENABLE_STRICT_OBJC_MSGSEND = YES;
				ENABLE_TESTABILITY = YES;
				ENABLE_USER_SCRIPT_SANDBOXING = YES;
				GCC_C_LANGUAGE_STANDARD = gnu17;
				GCC_DYNAMIC_NO_PIC = NO;
				GCC_NO_COMMON_BLOCKS = YES;
				GCC_OPTIMIZATION_LEVEL = 0;
				GCC_PREPROCESSOR_DEFINITIONS = (
					"DEBUG=1",
					"$(inherited)",
				);
				GCC_WARN_64_TO_32_BIT_CONVERSION = YES;
				GCC_WARN_ABOUT_RETURN_TYPE = YES_ERROR;
				GCC_WARN_UNDECLARED_SELECTOR = YES;
				GCC_WARN_UNINITIALIZED_AUTOS = YES_AGGRESSIVE;
				GCC_WARN_UNUSED_FUNCTION = YES;
				GCC_WARN_UNUSED_VARIABLE = YES;
				LOCALIZATION_PREFERS_STRING_CATALOGS = YES;
				MTL_ENABLE_DEBUG_INFO = INCLUDE_SOURCE;
				MTL_FAST_MATH = YES;
				ONLY_ACTIVE_ARCH = YES;
				SWIFT_ACTIVE_COMPILATION_CONDITIONS = "DEBUG $(inherited)";
				SWIFT_OPTIMIZATION_LEVEL = "-Onone";
			};
			name = Debug;
		};
		32DF04272D84089A0025F76D /* Release */ = {
			isa = XCBuildConfiguration;
			buildSettings = {
				ALWAYS_SEARCH_USER_PATHS = NO;
				ASSETCATALOG_COMPILER_GENERATE_SWIFT_ASSET_SYMBOL_EXTENSIONS = YES;
				CLANG_ANALYZER_NONNULL = YES;
				CLANG_ANALYZER_NUMBER_OBJECT_CONVERSION = YES_AGGRESSIVE;
				CLANG_CXX_LANGUAGE_STANDARD = "gnu++20";
				CLANG_ENABLE_MODULES = YES;
				CLANG_ENABLE_OBJC_ARC = YES;
				CLANG_ENABLE_OBJC_WEAK = YES;
				CLANG_WARN_BLOCK_CAPTURE_AUTORELEASING = YES;
				CLANG_WARN_BOOL_CONVERSION = YES;
				CLANG_WARN_COMMA = YES;
				CLANG_WARN_CONSTANT_CONVERSION = YES;
				CLANG_WARN_DEPRECATED_OBJC_IMPLEMENTATIONS = YES;
				CLANG_WARN_DIRECT_OBJC_ISA_USAGE = YES_ERROR;
				CLANG_WARN_DOCUMENTATION_COMMENTS = YES;
				CLANG_WARN_EMPTY_BODY = YES;
				CLANG_WARN_ENUM_CONVERSION = YES;
				CLANG_WARN_INFINITE_RECURSION = YES;
				CLANG_WARN_INT_CONVERSION = YES;
				CLANG_WARN_NON_LITERAL_NULL_CONVERSION = YES;
				CLANG_WARN_OBJC_IMPLICIT_RETAIN_SELF = YES;
				CLANG_WARN_OBJC_LITERAL_CONVERSION = YES;
				CLANG_WARN_OBJC_ROOT_CLASS = YES_ERROR;
				CLANG_WARN_QUOTED_INCLUDE_IN_FRAMEWORK_HEADER = YES;
				CLANG_WARN_RANGE_LOOP_ANALYSIS = YES;
				CLANG_WARN_STRICT_PROTOTYPES = YES;
				CLANG_WARN_SUSPICIOUS_MOVE = YES;
				CLANG_WARN_UNGUARDED_AVAILABILITY = YES_AGGRESSIVE;
				CLANG_WARN_UNREACHABLE_CODE = YES;
				CLANG_WARN__DUPLICATE_METHOD_MATCH = YES;
				COPY_PHASE_STRIP = NO;
				DEBUG_INFORMATION_FORMAT = "dwarf-with-dsym";
				ENABLE_NS_ASSERTIONS = NO;
				ENABLE_STRICT_OBJC_MSGSEND = YES;
				ENABLE_USER_SCRIPT_SANDBOXING = YES;
				GCC_C_LANGUAGE_STANDARD = gnu17;
				GCC_NO_COMMON_BLOCKS = YES;
				GCC_WARN_64_TO_32_BIT_CONVERSION = YES;
				GCC_WARN_ABOUT_RETURN_TYPE = YES_ERROR;
				GCC_WARN_UNDECLARED_SELECTOR = YES;
				GCC_WARN_UNINITIALIZED_AUTOS = YES_AGGRESSIVE;
				GCC_WARN_UNUSED_FUNCTION = YES;
				GCC_WARN_UNUSED_VARIABLE = YES;
				LOCALIZATION_PREFERS_STRING_CATALOGS = YES;
				MTL_ENABLE_DEBUG_INFO = NO;
				MTL_FAST_MATH = YES;
				SWIFT_COMPILATION_MODE = wholemodule;
			};
			name = Release;
		};
		32DF04292D84089A0025F76D /* Debug */ = {
			isa = XCBuildConfiguration;
			buildSettings = {
				ASSETCATALOG_COMPILER_APPICON_NAME = AppIcon;
				ASSETCATALOG_COMPILER_GLOBAL_ACCENT_COLOR_NAME = AccentColor;
				CODE_SIGN_ENTITLEMENTS = JBudget/JBudget.entitlements;
				CODE_SIGN_STYLE = Automatic;
				CURRENT_PROJECT_VERSION = 1;
				DEVELOPMENT_ASSET_PATHS = "\"JBudget/Preview Content\"";
				DEVELOPMENT_TEAM = JYU4CZQH8U;
				ENABLE_PREVIEWS = YES;
				GENERATE_INFOPLIST_FILE = YES;
				"INFOPLIST_KEY_UIApplicationSceneManifest_Generation[sdk=iphoneos*]" = YES;
				"INFOPLIST_KEY_UIApplicationSceneManifest_Generation[sdk=iphonesimulator*]" = YES;
				"INFOPLIST_KEY_UIApplicationSupportsIndirectInputEvents[sdk=iphoneos*]" = YES;
				"INFOPLIST_KEY_UIApplicationSupportsIndirectInputEvents[sdk=iphonesimulator*]" = YES;
				"INFOPLIST_KEY_UILaunchScreen_Generation[sdk=iphoneos*]" = YES;
				"INFOPLIST_KEY_UILaunchScreen_Generation[sdk=iphonesimulator*]" = YES;
				"INFOPLIST_KEY_UIStatusBarStyle[sdk=iphoneos*]" = UIStatusBarStyleDefault;
				"INFOPLIST_KEY_UIStatusBarStyle[sdk=iphonesimulator*]" = UIStatusBarStyleDefault;
				INFOPLIST_KEY_UISupportedInterfaceOrientations_iPad = "UIInterfaceOrientationPortrait UIInterfaceOrientationPortraitUpsideDown UIInterfaceOrientationLandscapeLeft UIInterfaceOrientationLandscapeRight";
				INFOPLIST_KEY_UISupportedInterfaceOrientations_iPhone = "UIInterfaceOrientationPortrait UIInterfaceOrientationLandscapeLeft UIInterfaceOrientationLandscapeRight";
				IPHONEOS_DEPLOYMENT_TARGET = 18.2;
				LD_RUNPATH_SEARCH_PATHS = "@executable_path/Frameworks";
				"LD_RUNPATH_SEARCH_PATHS[sdk=macosx*]" = "@executable_path/../Frameworks";
				MACOSX_DEPLOYMENT_TARGET = 15.2;
				MARKETING_VERSION = 1.0;
				PRODUCT_BUNDLE_IDENTIFIER = com.jeanlaura.JBudget;
				PRODUCT_NAME = "$(TARGET_NAME)";
				SDKROOT = auto;
				SUPPORTED_PLATFORMS = "iphoneos iphonesimulator macosx xros xrsimulator";
				SWIFT_EMIT_LOC_STRINGS = YES;
				SWIFT_VERSION = 5.0;
				TARGETED_DEVICE_FAMILY = "1,2,7";
				XROS_DEPLOYMENT_TARGET = 2.2;
			};
			name = Debug;
		};
		32DF042A2D84089A0025F76D /* Release */ = {
			isa = XCBuildConfiguration;
			buildSettings = {
				ASSETCATALOG_COMPILER_APPICON_NAME = AppIcon;
				ASSETCATALOG_COMPILER_GLOBAL_ACCENT_COLOR_NAME = AccentColor;
				CODE_SIGN_ENTITLEMENTS = JBudget/JBudget.entitlements;
				CODE_SIGN_STYLE = Automatic;
				CURRENT_PROJECT_VERSION = 1;
				DEVELOPMENT_ASSET_PATHS = "\"JBudget/Preview Content\"";
				DEVELOPMENT_TEAM = JYU4CZQH8U;
				ENABLE_PREVIEWS = YES;
				GENERATE_INFOPLIST_FILE = YES;
				"INFOPLIST_KEY_UIApplicationSceneManifest_Generation[sdk=iphoneos*]" = YES;
				"INFOPLIST_KEY_UIApplicationSceneManifest_Generation[sdk=iphonesimulator*]" = YES;
				"INFOPLIST_KEY_UIApplicationSupportsIndirectInputEvents[sdk=iphoneos*]" = YES;
				"INFOPLIST_KEY_UIApplicationSupportsIndirectInputEvents[sdk=iphonesimulator*]" = YES;
				"INFOPLIST_KEY_UILaunchScreen_Generation[sdk=iphoneos*]" = YES;
				"INFOPLIST_KEY_UILaunchScreen_Generation[sdk=iphonesimulator*]" = YES;
				"INFOPLIST_KEY_UIStatusBarStyle[sdk=iphoneos*]" = UIStatusBarStyleDefault;
				"INFOPLIST_KEY_UIStatusBarStyle[sdk=iphonesimulator*]" = UIStatusBarStyleDefault;
				INFOPLIST_KEY_UISupportedInterfaceOrientations_iPad = "UIInterfaceOrientationPortrait UIInterfaceOrientationPortraitUpsideDown UIInterfaceOrientationLandscapeLeft UIInterfaceOrientationLandscapeRight";
				INFOPLIST_KEY_UISupportedInterfaceOrientations_iPhone = "UIInterfaceOrientationPortrait UIInterfaceOrientationLandscapeLeft UIInterfaceOrientationLandscapeRight";
				IPHONEOS_DEPLOYMENT_TARGET = 18.2;
				LD_RUNPATH_SEARCH_PATHS = "@executable_path/Frameworks";
				"LD_RUNPATH_SEARCH_PATHS[sdk=macosx*]" = "@executable_path/../Frameworks";
				MACOSX_DEPLOYMENT_TARGET = 15.2;
				MARKETING_VERSION = 1.0;
				PRODUCT_BUNDLE_IDENTIFIER = com.jeanlaura.JBudget;
				PRODUCT_NAME = "$(TARGET_NAME)";
				SDKROOT = auto;
				SUPPORTED_PLATFORMS = "iphoneos iphonesimulator macosx xros xrsimulator";
				SWIFT_EMIT_LOC_STRINGS = YES;
				SWIFT_VERSION = 5.0;
				TARGETED_DEVICE_FAMILY = "1,2,7";
				XROS_DEPLOYMENT_TARGET = 2.2;
			};
			name = Release;
		};
		32DF042C2D84089A0025F76D /* Debug */ = {
			isa = XCBuildConfiguration;
			buildSettings = {
				BUNDLE_LOADER = "$(TEST_HOST)";
				CODE_SIGN_STYLE = Automatic;
				CURRENT_PROJECT_VERSION = 1;
				GENERATE_INFOPLIST_FILE = YES;
				IPHONEOS_DEPLOYMENT_TARGET = 18.2;
				MACOSX_DEPLOYMENT_TARGET = 15.2;
				MARKETING_VERSION = 1.0;
				PRODUCT_BUNDLE_IDENTIFIER = com.jeanlaura.JBudgetTests;
				PRODUCT_NAME = "$(TARGET_NAME)";
				SDKROOT = auto;
				SUPPORTED_PLATFORMS = "iphoneos iphonesimulator macosx xros xrsimulator";
				SWIFT_EMIT_LOC_STRINGS = NO;
				SWIFT_VERSION = 5.0;
				TARGETED_DEVICE_FAMILY = "1,2,7";
				TEST_HOST = "$(BUILT_PRODUCTS_DIR)/JBudget.app/$(BUNDLE_EXECUTABLE_FOLDER_PATH)/JBudget";
				XROS_DEPLOYMENT_TARGET = 2.2;
			};
			name = Debug;
		};
		32DF042D2D84089A0025F76D /* Release */ = {
			isa = XCBuildConfiguration;
			buildSettings = {
				BUNDLE_LOADER = "$(TEST_HOST)";
				CODE_SIGN_STYLE = Automatic;
				CURRENT_PROJECT_VERSION = 1;
				GENERATE_INFOPLIST_FILE = YES;
				IPHONEOS_DEPLOYMENT_TARGET = 18.2;
				MACOSX_DEPLOYMENT_TARGET = 15.2;
				MARKETING_VERSION = 1.0;
				PRODUCT_BUNDLE_IDENTIFIER = com.jeanlaura.JBudgetTests;
				PRODUCT_NAME = "$(TARGET_NAME)";
				SDKROOT = auto;
				SUPPORTED_PLATFORMS = "iphoneos iphonesimulator macosx xros xrsimulator";
				SWIFT_EMIT_LOC_STRINGS = NO;
				SWIFT_VERSION = 5.0;
				TARGETED_DEVICE_FAMILY = "1,2,7";
				TEST_HOST = "$(BUILT_PRODUCTS_DIR)/JBudget.app/$(BUNDLE_EXECUTABLE_FOLDER_PATH)/JBudget";
				XROS_DEPLOYMENT_TARGET = 2.2;
			};
			name = Release;
		};
		32DF042F2D84089A0025F76D /* Debug */ = {
			isa = XCBuildConfiguration;
			buildSettings = {
				CODE_SIGN_STYLE = Automatic;
				CURRENT_PROJECT_VERSION = 1;
				GENERATE_INFOPLIST_FILE = YES;
				IPHONEOS_DEPLOYMENT_TARGET = 18.2;
				MACOSX_DEPLOYMENT_TARGET = 15.2;
				MARKETING_VERSION = 1.0;
				PRODUCT_BUNDLE_IDENTIFIER = com.jeanlaura.JBudgetUITests;
				PRODUCT_NAME = "$(TARGET_NAME)";
				SDKROOT = auto;
				SUPPORTED_PLATFORMS = "iphoneos iphonesimulator macosx xros xrsimulator";
				SWIFT_EMIT_LOC_STRINGS = NO;
				SWIFT_VERSION = 5.0;
				TARGETED_DEVICE_FAMILY = "1,2,7";
				TEST_TARGET_NAME = JBudget;
				XROS_DEPLOYMENT_TARGET = 2.2;
			};
			name = Debug;
		};
		32DF04302D84089A0025F76D /* Release */ = {
			isa = XCBuildConfiguration;
			buildSettings = {
				CODE_SIGN_STYLE = Automatic;
				CURRENT_PROJECT_VERSION = 1;
				GENERATE_INFOPLIST_FILE = YES;
				IPHONEOS_DEPLOYMENT_TARGET = 18.2;
				MACOSX_DEPLOYMENT_TARGET = 15.2;
				MARKETING_VERSION = 1.0;
				PRODUCT_BUNDLE_IDENTIFIER = com.jeanlaura.JBudgetUITests;
				PRODUCT_NAME = "$(TARGET_NAME)";
				SDKROOT = auto;
				SUPPORTED_PLATFORMS = "iphoneos iphonesimulator macosx xros xrsimulator";
				SWIFT_EMIT_LOC_STRINGS = NO;
				SWIFT_VERSION = 5.0;
				TARGETED_DEVICE_FAMILY = "1,2,7";
				TEST_TARGET_NAME = JBudget;
				XROS_DEPLOYMENT_TARGET = 2.2;
			};
			name = Release;
		};
/* End XCBuildConfiguration section */

/* Begin XCConfigurationList section */
		32DF03FE2D8408980025F76D /* Build configuration list for PBXProject "JBudget" */ = {
			isa = XCConfigurationList;
			buildConfigurations = (
				32DF04262D84089A0025F76D /* Debug */,
				32DF04272D84089A0025F76D /* Release */,
			);
			defaultConfigurationIsVisible = 0;
			defaultConfigurationName = Release;
		};
		32DF04282D84089A0025F76D /* Build configuration list for PBXNativeTarget "JBudget" */ = {
			isa = XCConfigurationList;
			buildConfigurations = (
				32DF04292D84089A0025F76D /* Debug */,
				32DF042A2D84089A0025F76D /* Release */,
			);
			defaultConfigurationIsVisible = 0;
			defaultConfigurationName = Release;
		};
		32DF042B2D84089A0025F76D /* Build configuration list for PBXNativeTarget "JBudgetTests" */ = {
			isa = XCConfigurationList;
			buildConfigurations = (
				32DF042C2D84089A0025F76D /* Debug */,
				32DF042D2D84089A0025F76D /* Release */,
			);
			defaultConfigurationIsVisible = 0;
			defaultConfigurationName = Release;
		};
		32DF042E2D84089A0025F76D /* Build configuration list for PBXNativeTarget "JBudgetUITests" */ = {
			isa = XCConfigurationList;
			buildConfigurations = (
				32DF042F2D84089A0025F76D /* Debug */,
				32DF04302D84089A0025F76D /* Release */,
			);
			defaultConfigurationIsVisible = 0;
			defaultConfigurationName = Release;
		};
/* End XCConfigurationList section */
	};
	rootObject = 32DF03FB2D8408980025F76D /* Project object */;
}
